
Microsoft Visual Studio Solution File, Format Version 12.00
# Visual Studio 14
VisualStudioVersion = 14.0.25123.0
MinimumVisualStudioVersion = 10.0.40219.1
Project("{8E3F49D1-4D6A-4D7A-8704-00CA563ED6AE}") = "Sitecore.Support.222698", "Sitecore.Support.222698\Sitecore.Support.222698.csproj", "{A7655F9D-54AB-46AA-8929-5D72B2213B5E}"
EndProject
Global
	GlobalSection(SolutionConfigurationPlatforms) = preSolution
		Debug|Any CPU = Debug|Any CPU
		Release|Any CPU = Release|Any CPU
	EndGlobalSection
	GlobalSection(ProjectConfigurationPlatforms) = postSolution
		{A7655F9D-54AB-46AA-8929-5D72B2213B5E}.Debug|Any CPU.ActiveCfg = Debug|Any CPU
		{A7655F9D-54AB-46AA-8929-5D72B2213B5E}.Debug|Any CPU.Build.0 = Debug|Any CPU
		{A7655F9D-54AB-46AA-8929-5D72B2213B5E}.Release|Any CPU.ActiveCfg = Release|Any CPU
		{A7655F9D-54AB-46AA-8929-5D72B2213B5E}.Release|Any CPU.Build.0 = Release|Any CPU
	EndGlobalSection
	GlobalSection(SolutionProperties) = preSolution
		HideSolutionNode = FALSE
	EndGlobalSection
EndGlobal
